// !$*UTF8*$!
{
	archiveVersion = 1;
	classes = {
	};
	objectVersion = 56;
	objects = {

/* Begin PBXBuildFile section */
		EE2B6F2B2A7906A3004C23CE /* PodcastAudioWorker.swift in Sources */ = {isa = PBXBuildFile; fileRef = EE2B6F2A2A7906A3004C23CE /* PodcastAudioWorker.swift */; };
		EE2B6F2E2A7A64F9004C23CE /* UIViewController.swift in Sources */ = {isa = PBXBuildFile; fileRef = EE2B6F2D2A7A64F9004C23CE /* UIViewController.swift */; };
		EE2B6F312A7B806A004C23CE /* StyledButton.swift in Sources */ = {isa = PBXBuildFile; fileRef = EE2B6F302A7B806A004C23CE /* StyledButton.swift */; };
		EE2B6F332A7B807F004C23CE /* UIButton.swift in Sources */ = {isa = PBXBuildFile; fileRef = EE2B6F322A7B807F004C23CE /* UIButton.swift */; };
		EE2B6F352A7B80CC004C23CE /* UIImage.swift in Sources */ = {isa = PBXBuildFile; fileRef = EE2B6F342A7B80CC004C23CE /* UIImage.swift */; };
		EE2B6F372A7B97EF004C23CE /* AssetsManager.swift in Sources */ = {isa = PBXBuildFile; fileRef = EE2B6F362A7B97EF004C23CE /* AssetsManager.swift */; };
		EE2B6F392A7B99D2004C23CE /* UIView.swift in Sources */ = {isa = PBXBuildFile; fileRef = EE2B6F382A7B99D2004C23CE /* UIView.swift */; };
		EE4C65052A6C74710022FAB1 /* респонсы in Resources */ = {isa = PBXBuildFile; fileRef = EE4C65042A6C74710022FAB1 /* респонсы */; };
		EE6A963D2A93B2A300962C32 /* ViewControllerModel.swift in Sources */ = {isa = PBXBuildFile; fileRef = EE6A963C2A93B2A300962C32 /* ViewControllerModel.swift */; };
		EE6A96402A93B3C200962C32 /* Podcast.swift in Sources */ = {isa = PBXBuildFile; fileRef = EE6A963F2A93B3C200962C32 /* Podcast.swift */; };
		EEA234992A6D9F0B00E6A5CD /* String.swift in Sources */ = {isa = PBXBuildFile; fileRef = EEA234982A6D9F0B00E6A5CD /* String.swift */; };
		EEB48B982A6AFA4B00FE5D22 /* AppDelegate.swift in Sources */ = {isa = PBXBuildFile; fileRef = EEB48B972A6AFA4B00FE5D22 /* AppDelegate.swift */; };
		EEB48B9A2A6AFA4B00FE5D22 /* SceneDelegate.swift in Sources */ = {isa = PBXBuildFile; fileRef = EEB48B992A6AFA4B00FE5D22 /* SceneDelegate.swift */; };
		EEB48B9C2A6AFA4B00FE5D22 /* ViewController.swift in Sources */ = {isa = PBXBuildFile; fileRef = EEB48B9B2A6AFA4B00FE5D22 /* ViewController.swift */; };
		EEB48B9F2A6AFA4B00FE5D22 /* Main.storyboard in Resources */ = {isa = PBXBuildFile; fileRef = EEB48B9D2A6AFA4B00FE5D22 /* Main.storyboard */; };
		EEB48BA12A6AFA4D00FE5D22 /* Assets.xcassets in Resources */ = {isa = PBXBuildFile; fileRef = EEB48BA02A6AFA4D00FE5D22 /* Assets.xcassets */; };
		EEB48BA42A6AFA4D00FE5D22 /* LaunchScreen.storyboard in Resources */ = {isa = PBXBuildFile; fileRef = EEB48BA22A6AFA4D00FE5D22 /* LaunchScreen.storyboard */; };
		EEB48BAD2A6AFA7F00FE5D22 /* Links.swift in Sources */ = {isa = PBXBuildFile; fileRef = EEB48BAC2A6AFA7F00FE5D22 /* Links.swift */; };
		EEB48BB02A6B053500FE5D22 /* домыслы in Resources */ = {isa = PBXBuildFile; fileRef = EEB48BAF2A6B053500FE5D22 /* домыслы */; };
		EEB48BB52A6C738D00FE5D22 /* план in Resources */ = {isa = PBXBuildFile; fileRef = EEB48BB42A6C738D00FE5D22 /* план */; };
		EEB65B4A2A703FCE003F593F /* RSSParser.swift in Sources */ = {isa = PBXBuildFile; fileRef = EEB65B492A703FCE003F593F /* RSSParser.swift */; };
		EEB65B4C2A753183003F593F /* music.mp3 in Resources */ = {isa = PBXBuildFile; fileRef = EEB65B4B2A753183003F593F /* music.mp3 */; };
		EEDB9F5D2A950FE1002AFBD9 /* AudioWaveZoomLvls.swift in Sources */ = {isa = PBXBuildFile; fileRef = EEDB9F5C2A950FE1002AFBD9 /* AudioWaveZoomLvls.swift */; };
		EEE281222A6CE14600CAB2CF /* NetworkManager.swift in Sources */ = {isa = PBXBuildFile; fileRef = EEE281212A6CE14600CAB2CF /* NetworkManager.swift */; };
		EEFA82E42A800DF2005A08CC /* WaveGenerator.swift in Sources */ = {isa = PBXBuildFile; fileRef = EEFA82E32A800DF2005A08CC /* WaveGenerator.swift */; };
/* End PBXBuildFile section */

/* Begin PBXFileReference section */
		EE2B6F2A2A7906A3004C23CE /* PodcastAudioWorker.swift */ = {isa = PBXFileReference; lastKnownFileType = sourcecode.swift; path = PodcastAudioWorker.swift; sourceTree = "<group>"; };
		EE2B6F2D2A7A64F9004C23CE /* UIViewController.swift */ = {isa = PBXFileReference; lastKnownFileType = sourcecode.swift; path = UIViewController.swift; sourceTree = "<group>"; };
		EE2B6F302A7B806A004C23CE /* StyledButton.swift */ = {isa = PBXFileReference; lastKnownFileType = sourcecode.swift; path = StyledButton.swift; sourceTree = "<group>"; };
		EE2B6F322A7B807F004C23CE /* UIButton.swift */ = {isa = PBXFileReference; lastKnownFileType = sourcecode.swift; path = UIButton.swift; sourceTree = "<group>"; };
		EE2B6F342A7B80CC004C23CE /* UIImage.swift */ = {isa = PBXFileReference; lastKnownFileType = sourcecode.swift; path = UIImage.swift; sourceTree = "<group>"; };
		EE2B6F362A7B97EF004C23CE /* AssetsManager.swift */ = {isa = PBXFileReference; lastKnownFileType = sourcecode.swift; path = AssetsManager.swift; sourceTree = "<group>"; };
		EE2B6F382A7B99D2004C23CE /* UIView.swift */ = {isa = PBXFileReference; lastKnownFileType = sourcecode.swift; path = UIView.swift; sourceTree = "<group>"; };
		EE4C65042A6C74710022FAB1 /* респонсы */ = {isa = PBXFileReference; lastKnownFileType = text; path = "респонсы"; sourceTree = "<group>"; };
		EE6A963C2A93B2A300962C32 /* ViewControllerModel.swift */ = {isa = PBXFileReference; lastKnownFileType = sourcecode.swift; path = ViewControllerModel.swift; sourceTree = "<group>"; };
		EE6A963F2A93B3C200962C32 /* Podcast.swift */ = {isa = PBXFileReference; lastKnownFileType = sourcecode.swift; path = Podcast.swift; sourceTree = "<group>"; };
		EEA234982A6D9F0B00E6A5CD /* String.swift */ = {isa = PBXFileReference; lastKnownFileType = sourcecode.swift; path = String.swift; sourceTree = "<group>"; };
		EEB48B942A6AFA4B00FE5D22 /* podcastCropper.app */ = {isa = PBXFileReference; explicitFileType = wrapper.application; includeInIndex = 0; path = podcastCropper.app; sourceTree = BUILT_PRODUCTS_DIR; };
		EEB48B972A6AFA4B00FE5D22 /* AppDelegate.swift */ = {isa = PBXFileReference; lastKnownFileType = sourcecode.swift; path = AppDelegate.swift; sourceTree = "<group>"; };
		EEB48B992A6AFA4B00FE5D22 /* SceneDelegate.swift */ = {isa = PBXFileReference; lastKnownFileType = sourcecode.swift; path = SceneDelegate.swift; sourceTree = "<group>"; };
		EEB48B9B2A6AFA4B00FE5D22 /* ViewController.swift */ = {isa = PBXFileReference; lastKnownFileType = sourcecode.swift; path = ViewController.swift; sourceTree = "<group>"; };
		EEB48B9E2A6AFA4B00FE5D22 /* Base */ = {isa = PBXFileReference; lastKnownFileType = file.storyboard; name = Base; path = Base.lproj/Main.storyboard; sourceTree = "<group>"; };
		EEB48BA02A6AFA4D00FE5D22 /* Assets.xcassets */ = {isa = PBXFileReference; lastKnownFileType = folder.assetcatalog; path = Assets.xcassets; sourceTree = "<group>"; };
		EEB48BA32A6AFA4D00FE5D22 /* Base */ = {isa = PBXFileReference; lastKnownFileType = file.storyboard; name = Base; path = Base.lproj/LaunchScreen.storyboard; sourceTree = "<group>"; };
		EEB48BA52A6AFA4D00FE5D22 /* Info.plist */ = {isa = PBXFileReference; lastKnownFileType = text.plist.xml; path = Info.plist; sourceTree = "<group>"; };
		EEB48BAC2A6AFA7F00FE5D22 /* Links.swift */ = {isa = PBXFileReference; lastKnownFileType = sourcecode.swift; path = Links.swift; sourceTree = "<group>"; };
		EEB48BAF2A6B053500FE5D22 /* домыслы */ = {isa = PBXFileReference; lastKnownFileType = text; path = "домыслы"; sourceTree = "<group>"; };
		EEB48BB42A6C738D00FE5D22 /* план */ = {isa = PBXFileReference; lastKnownFileType = text; path = "план"; sourceTree = "<group>"; };
		EEB65B492A703FCE003F593F /* RSSParser.swift */ = {isa = PBXFileReference; lastKnownFileType = sourcecode.swift; path = RSSParser.swift; sourceTree = "<group>"; };
		EEB65B4B2A753183003F593F /* music.mp3 */ = {isa = PBXFileReference; lastKnownFileType = audio.mp3; path = music.mp3; sourceTree = "<group>"; };
		EEDB9F5C2A950FE1002AFBD9 /* AudioWaveZoomLvls.swift */ = {isa = PBXFileReference; lastKnownFileType = sourcecode.swift; path = AudioWaveZoomLvls.swift; sourceTree = "<group>"; };
		EEE281212A6CE14600CAB2CF /* NetworkManager.swift */ = {isa = PBXFileReference; lastKnownFileType = sourcecode.swift; path = NetworkManager.swift; sourceTree = "<group>"; };
		EEFA82E32A800DF2005A08CC /* WaveGenerator.swift */ = {isa = PBXFileReference; lastKnownFileType = sourcecode.swift; path = WaveGenerator.swift; sourceTree = "<group>"; };
/* End PBXFileReference section */

/* Begin PBXFrameworksBuildPhase section */
		EEB48B912A6AFA4B00FE5D22 /* Frameworks */ = {
			isa = PBXFrameworksBuildPhase;
			buildActionMask = 2147483647;
			files = (
			);
			runOnlyForDeploymentPostprocessing = 0;
		};
/* End PBXFrameworksBuildPhase section */

/* Begin PBXGroup section */
		EE2B6F2F2A7B8061004C23CE /* View */ = {
			isa = PBXGroup;
			children = (
				EEDB9F5B2A950FC6002AFBD9 /* WaveGenerator */,
				EE2B6F302A7B806A004C23CE /* StyledButton.swift */,
			);
			path = View;
			sourceTree = "<group>";
		};
		EE6A963E2A93B3BE00962C32 /* Models */ = {
			isa = PBXGroup;
			children = (
				EE6A963F2A93B3C200962C32 /* Podcast.swift */,
			);
			path = Models;
			sourceTree = "<group>";
		};
		EEA234972A6D9F0200E6A5CD /* Extensions */ = {
			isa = PBXGroup;
			children = (
				EEA234982A6D9F0B00E6A5CD /* String.swift */,
				EE2B6F2D2A7A64F9004C23CE /* UIViewController.swift */,
				EE2B6F322A7B807F004C23CE /* UIButton.swift */,
				EE2B6F342A7B80CC004C23CE /* UIImage.swift */,
				EE2B6F382A7B99D2004C23CE /* UIView.swift */,
			);
			path = Extensions;
			sourceTree = "<group>";
		};
		EEB48B8B2A6AFA4B00FE5D22 = {
			isa = PBXGroup;
			children = (
				EEB48B962A6AFA4B00FE5D22 /* podcastCropper */,
				EEB48B952A6AFA4B00FE5D22 /* Products */,
			);
			sourceTree = "<group>";
		};
		EEB48B952A6AFA4B00FE5D22 /* Products */ = {
			isa = PBXGroup;
			children = (
				EEB48B942A6AFA4B00FE5D22 /* podcastCropper.app */,
			);
			name = Products;
			sourceTree = "<group>";
		};
		EEB48B962A6AFA4B00FE5D22 /* podcastCropper */ = {
			isa = PBXGroup;
			children = (
				EE6A963E2A93B3BE00962C32 /* Models */,
				EE2B6F2F2A7B8061004C23CE /* View */,
				EEB65B4B2A753183003F593F /* music.mp3 */,
				EEA234972A6D9F0200E6A5CD /* Extensions */,
				EEE281202A6CE10400CAB2CF /* Network */,
				EEB48BB12A6B064E00FE5D22 /* Helpers */,
				EEB48BAE2A6B050300FE5D22 /* Notes */,
				EEB48BAB2A6AFA7800FE5D22 /* Constants */,
				EEB48B972A6AFA4B00FE5D22 /* AppDelegate.swift */,
				EEB48B992A6AFA4B00FE5D22 /* SceneDelegate.swift */,
				EEB48B9B2A6AFA4B00FE5D22 /* ViewController.swift */,
				EE6A963C2A93B2A300962C32 /* ViewControllerModel.swift */,
				EEB48B9D2A6AFA4B00FE5D22 /* Main.storyboard */,
				EEB48BA02A6AFA4D00FE5D22 /* Assets.xcassets */,
				EEB48BA22A6AFA4D00FE5D22 /* LaunchScreen.storyboard */,
				EEB48BA52A6AFA4D00FE5D22 /* Info.plist */,
			);
			path = podcastCropper;
			sourceTree = "<group>";
		};
		EEB48BAB2A6AFA7800FE5D22 /* Constants */ = {
			isa = PBXGroup;
			children = (
				EEB48BAC2A6AFA7F00FE5D22 /* Links.swift */,
			);
			path = Constants;
			sourceTree = "<group>";
		};
		EEB48BAE2A6B050300FE5D22 /* Notes */ = {
			isa = PBXGroup;
			children = (
				EEB48BAF2A6B053500FE5D22 /* домыслы */,
				EEB48BB42A6C738D00FE5D22 /* план */,
				EE4C65042A6C74710022FAB1 /* респонсы */,
			);
			path = Notes;
			sourceTree = "<group>";
		};
		EEB48BB12A6B064E00FE5D22 /* Helpers */ = {
			isa = PBXGroup;
			children = (
				EEB65B492A703FCE003F593F /* RSSParser.swift */,
				EE2B6F2A2A7906A3004C23CE /* PodcastAudioWorker.swift */,
				EE2B6F362A7B97EF004C23CE /* AssetsManager.swift */,
			);
			path = Helpers;
			sourceTree = "<group>";
		};
		EEDB9F5B2A950FC6002AFBD9 /* WaveGenerator */ = {
			isa = PBXGroup;
			children = (
				EEFA82E32A800DF2005A08CC /* WaveGenerator.swift */,
				EEDB9F5C2A950FE1002AFBD9 /* AudioWaveZoomLvls.swift */,
			);
			path = WaveGenerator;
			sourceTree = "<group>";
		};
		EEE281202A6CE10400CAB2CF /* Network */ = {
			isa = PBXGroup;
			children = (
				EEE281212A6CE14600CAB2CF /* NetworkManager.swift */,
			);
			path = Network;
			sourceTree = "<group>";
		};
/* End PBXGroup section */

/* Begin PBXNativeTarget section */
		EEB48B932A6AFA4B00FE5D22 /* podcastCropper */ = {
			isa = PBXNativeTarget;
			buildConfigurationList = EEB48BA82A6AFA4D00FE5D22 /* Build configuration list for PBXNativeTarget "podcastCropper" */;
			buildPhases = (
				EEB48B902A6AFA4B00FE5D22 /* Sources */,
				EEB48B912A6AFA4B00FE5D22 /* Frameworks */,
				EEB48B922A6AFA4B00FE5D22 /* Resources */,
			);
			buildRules = (
			);
			dependencies = (
			);
			name = podcastCropper;
			productName = podcastCropper;
			productReference = EEB48B942A6AFA4B00FE5D22 /* podcastCropper.app */;
			productType = "com.apple.product-type.application";
		};
/* End PBXNativeTarget section */

/* Begin PBXProject section */
		EEB48B8C2A6AFA4B00FE5D22 /* Project object */ = {
			isa = PBXProject;
			attributes = {
				BuildIndependentTargetsInParallel = 1;
				LastSwiftUpdateCheck = 1420;
				LastUpgradeCheck = 1420;
				TargetAttributes = {
					EEB48B932A6AFA4B00FE5D22 = {
						CreatedOnToolsVersion = 14.2;
					};
				};
			};
			buildConfigurationList = EEB48B8F2A6AFA4B00FE5D22 /* Build configuration list for PBXProject "podcastCropper" */;
			compatibilityVersion = "Xcode 14.0";
			developmentRegion = en;
			hasScannedForEncodings = 0;
			knownRegions = (
				en,
				Base,
			);
			mainGroup = EEB48B8B2A6AFA4B00FE5D22;
			productRefGroup = EEB48B952A6AFA4B00FE5D22 /* Products */;
			projectDirPath = "";
			projectRoot = "";
			targets = (
				EEB48B932A6AFA4B00FE5D22 /* podcastCropper */,
			);
		};
/* End PBXProject section */

/* Begin PBXResourcesBuildPhase section */
		EEB48B922A6AFA4B00FE5D22 /* Resources */ = {
			isa = PBXResourcesBuildPhase;
			buildActionMask = 2147483647;
			files = (
				EE4C65052A6C74710022FAB1 /* респонсы in Resources */,
				EEB48BA42A6AFA4D00FE5D22 /* LaunchScreen.storyboard in Resources */,
				EEB65B4C2A753183003F593F /* music.mp3 in Resources */,
				EEB48BB52A6C738D00FE5D22 /* план in Resources */,
				EEB48BA12A6AFA4D00FE5D22 /* Assets.xcassets in Resources */,
				EEB48B9F2A6AFA4B00FE5D22 /* Main.storyboard in Resources */,
				EEB48BB02A6B053500FE5D22 /* домыслы in Resources */,
			);
			runOnlyForDeploymentPostprocessing = 0;
		};
/* End PBXResourcesBuildPhase section */

/* Begin PBXSourcesBuildPhase section */
		EEB48B902A6AFA4B00FE5D22 /* Sources */ = {
			isa = PBXSourcesBuildPhase;
			buildActionMask = 2147483647;
			files = (
				EEE281222A6CE14600CAB2CF /* NetworkManager.swift in Sources */,
				EEB48B9C2A6AFA4B00FE5D22 /* ViewController.swift in Sources */,
				EE2B6F312A7B806A004C23CE /* StyledButton.swift in Sources */,
				EE2B6F372A7B97EF004C23CE /* AssetsManager.swift in Sources */,
				EE2B6F2E2A7A64F9004C23CE /* UIViewController.swift in Sources */,
				EEB48B982A6AFA4B00FE5D22 /* AppDelegate.swift in Sources */,
				EEB48B9A2A6AFA4B00FE5D22 /* SceneDelegate.swift in Sources */,
				EEFA82E42A800DF2005A08CC /* WaveGenerator.swift in Sources */,
				EEA234992A6D9F0B00E6A5CD /* String.swift in Sources */,
				EE6A963D2A93B2A300962C32 /* ViewControllerModel.swift in Sources */,
				EE2B6F2B2A7906A3004C23CE /* PodcastAudioWorker.swift in Sources */,
				EE2B6F332A7B807F004C23CE /* UIButton.swift in Sources */,
				EE2B6F392A7B99D2004C23CE /* UIView.swift in Sources */,
				EE6A96402A93B3C200962C32 /* Podcast.swift in Sources */,
				EE2B6F352A7B80CC004C23CE /* UIImage.swift in Sources */,
				EEDB9F5D2A950FE1002AFBD9 /* AudioWaveZoomLvls.swift in Sources */,
				EEB48BAD2A6AFA7F00FE5D22 /* Links.swift in Sources */,
				EEB65B4A2A703FCE003F593F /* RSSParser.swift in Sources */,
			);
			runOnlyForDeploymentPostprocessing = 0;
		};
/* End PBXSourcesBuildPhase section */

/* Begin PBXVariantGroup section */
		EEB48B9D2A6AFA4B00FE5D22 /* Main.storyboard */ = {
			isa = PBXVariantGroup;
			children = (
				EEB48B9E2A6AFA4B00FE5D22 /* Base */,
			);
			name = Main.storyboard;
			sourceTree = "<group>";
		};
		EEB48BA22A6AFA4D00FE5D22 /* LaunchScreen.storyboard */ = {
			isa = PBXVariantGroup;
			children = (
				EEB48BA32A6AFA4D00FE5D22 /* Base */,
			);
			name = LaunchScreen.storyboard;
			sourceTree = "<group>";
		};
/* End PBXVariantGroup section */

/* Begin XCBuildConfiguration section */
		EEB48BA62A6AFA4D00FE5D22 /* Debug */ = {
			isa = XCBuildConfiguration;
			buildSettings = {
				ALWAYS_SEARCH_USER_PATHS = NO;
				CLANG_ANALYZER_NONNULL = YES;
				CLANG_ANALYZER_NUMBER_OBJECT_CONVERSION = YES_AGGRESSIVE;
				CLANG_CXX_LANGUAGE_STANDARD = "gnu++20";
				CLANG_ENABLE_MODULES = YES;
				CLANG_ENABLE_OBJC_ARC = YES;
				CLANG_ENABLE_OBJC_WEAK = YES;
				CLANG_WARN_BLOCK_CAPTURE_AUTORELEASING = YES;
				CLANG_WARN_BOOL_CONVERSION = YES;
				CLANG_WARN_COMMA = YES;
				CLANG_WARN_CONSTANT_CONVERSION = YES;
				CLANG_WARN_DEPRECATED_OBJC_IMPLEMENTATIONS = YES;
				CLANG_WARN_DIRECT_OBJC_ISA_USAGE = YES_ERROR;
				CLANG_WARN_DOCUMENTATION_COMMENTS = YES;
				CLANG_WARN_EMPTY_BODY = YES;
				CLANG_WARN_ENUM_CONVERSION = YES;
				CLANG_WARN_INFINITE_RECURSION = YES;
				CLANG_WARN_INT_CONVERSION = YES;
				CLANG_WARN_NON_LITERAL_NULL_CONVERSION = YES;
				CLANG_WARN_OBJC_IMPLICIT_RETAIN_SELF = YES;
				CLANG_WARN_OBJC_LITERAL_CONVERSION = YES;
				CLANG_WARN_OBJC_ROOT_CLASS = YES_ERROR;
				CLANG_WARN_QUOTED_INCLUDE_IN_FRAMEWORK_HEADER = YES;
				CLANG_WARN_RANGE_LOOP_ANALYSIS = YES;
				CLANG_WARN_STRICT_PROTOTYPES = YES;
				CLANG_WARN_SUSPICIOUS_MOVE = YES;
				CLANG_WARN_UNGUARDED_AVAILABILITY = YES_AGGRESSIVE;
				CLANG_WARN_UNREACHABLE_CODE = YES;
				CLANG_WARN__DUPLICATE_METHOD_MATCH = YES;
				COPY_PHASE_STRIP = NO;
				DEBUG_INFORMATION_FORMAT = dwarf;
				ENABLE_STRICT_OBJC_MSGSEND = YES;
				ENABLE_TESTABILITY = YES;
				GCC_C_LANGUAGE_STANDARD = gnu11;
				GCC_DYNAMIC_NO_PIC = NO;
				GCC_NO_COMMON_BLOCKS = YES;
				GCC_OPTIMIZATION_LEVEL = 0;
				GCC_PREPROCESSOR_DEFINITIONS = (
					"DEBUG=1",
					"$(inherited)",
				);
				GCC_WARN_64_TO_32_BIT_CONVERSION = YES;
				GCC_WARN_ABOUT_RETURN_TYPE = YES_ERROR;
				GCC_WARN_UNDECLARED_SELECTOR = YES;
				GCC_WARN_UNINITIALIZED_AUTOS = YES_AGGRESSIVE;
				GCC_WARN_UNUSED_FUNCTION = YES;
				GCC_WARN_UNUSED_VARIABLE = YES;
				IPHONEOS_DEPLOYMENT_TARGET = 15;
				MTL_ENABLE_DEBUG_INFO = INCLUDE_SOURCE;
				MTL_FAST_MATH = YES;
				ONLY_ACTIVE_ARCH = YES;
				SDKROOT = iphoneos;
				SWIFT_ACTIVE_COMPILATION_CONDITIONS = DEBUG;
				SWIFT_OPTIMIZATION_LEVEL = "-Onone";
			};
			name = Debug;
		};
		EEB48BA72A6AFA4D00FE5D22 /* Release */ = {
			isa = XCBuildConfiguration;
			buildSettings = {
				ALWAYS_SEARCH_USER_PATHS = NO;
				CLANG_ANALYZER_NONNULL = YES;
				CLANG_ANALYZER_NUMBER_OBJECT_CONVERSION = YES_AGGRESSIVE;
				CLANG_CXX_LANGUAGE_STANDARD = "gnu++20";
				CLANG_ENABLE_MODULES = YES;
				CLANG_ENABLE_OBJC_ARC = YES;
				CLANG_ENABLE_OBJC_WEAK = YES;
				CLANG_WARN_BLOCK_CAPTURE_AUTORELEASING = YES;
				CLANG_WARN_BOOL_CONVERSION = YES;
				CLANG_WARN_COMMA = YES;
				CLANG_WARN_CONSTANT_CONVERSION = YES;
				CLANG_WARN_DEPRECATED_OBJC_IMPLEMENTATIONS = YES;
				CLANG_WARN_DIRECT_OBJC_ISA_USAGE = YES_ERROR;
				CLANG_WARN_DOCUMENTATION_COMMENTS = YES;
				CLANG_WARN_EMPTY_BODY = YES;
				CLANG_WARN_ENUM_CONVERSION = YES;
				CLANG_WARN_INFINITE_RECURSION = YES;
				CLANG_WARN_INT_CONVERSION = YES;
				CLANG_WARN_NON_LITERAL_NULL_CONVERSION = YES;
				CLANG_WARN_OBJC_IMPLICIT_RETAIN_SELF = YES;
				CLANG_WARN_OBJC_LITERAL_CONVERSION = YES;
				CLANG_WARN_OBJC_ROOT_CLASS = YES_ERROR;
				CLANG_WARN_QUOTED_INCLUDE_IN_FRAMEWORK_HEADER = YES;
				CLANG_WARN_RANGE_LOOP_ANALYSIS = YES;
				CLANG_WARN_STRICT_PROTOTYPES = YES;
				CLANG_WARN_SUSPICIOUS_MOVE = YES;
				CLANG_WARN_UNGUARDED_AVAILABILITY = YES_AGGRESSIVE;
				CLANG_WARN_UNREACHABLE_CODE = YES;
				CLANG_WARN__DUPLICATE_METHOD_MATCH = YES;
				COPY_PHASE_STRIP = NO;
				DEBUG_INFORMATION_FORMAT = "dwarf-with-dsym";
				ENABLE_NS_ASSERTIONS = NO;
				ENABLE_STRICT_OBJC_MSGSEND = YES;
				GCC_C_LANGUAGE_STANDARD = gnu11;
				GCC_NO_COMMON_BLOCKS = YES;
				GCC_WARN_64_TO_32_BIT_CONVERSION = YES;
				GCC_WARN_ABOUT_RETURN_TYPE = YES_ERROR;
				GCC_WARN_UNDECLARED_SELECTOR = YES;
				GCC_WARN_UNINITIALIZED_AUTOS = YES_AGGRESSIVE;
				GCC_WARN_UNUSED_FUNCTION = YES;
				GCC_WARN_UNUSED_VARIABLE = YES;
				IPHONEOS_DEPLOYMENT_TARGET = 15;
				MTL_ENABLE_DEBUG_INFO = NO;
				MTL_FAST_MATH = YES;
				SDKROOT = iphoneos;
				SWIFT_COMPILATION_MODE = wholemodule;
				SWIFT_OPTIMIZATION_LEVEL = "-O";
				VALIDATE_PRODUCT = YES;
			};
			name = Release;
		};
		EEB48BA92A6AFA4D00FE5D22 /* Debug */ = {
			isa = XCBuildConfiguration;
			buildSettings = {
				ASSETCATALOG_COMPILER_APPICON_NAME = AppIcon;
				ASSETCATALOG_COMPILER_GLOBAL_ACCENT_COLOR_NAME = AccentColor;
				CODE_SIGN_IDENTITY = "Apple Development";
				CODE_SIGN_STYLE = Automatic;
				CURRENT_PROJECT_VERSION = 1;
				DEVELOPMENT_TEAM = K6X78M6486;
				GENERATE_INFOPLIST_FILE = YES;
				INFOPLIST_FILE = podcastCropper/Info.plist;
				INFOPLIST_KEY_UIApplicationSupportsIndirectInputEvents = YES;
				INFOPLIST_KEY_UILaunchStoryboardName = LaunchScreen;
				INFOPLIST_KEY_UIMainStoryboardFile = Main;
				INFOPLIST_KEY_UISupportedInterfaceOrientations_iPad = "UIInterfaceOrientationPortrait UIInterfaceOrientationPortraitUpsideDown UIInterfaceOrientationLandscapeLeft UIInterfaceOrientationLandscapeRight";
				INFOPLIST_KEY_UISupportedInterfaceOrientations_iPhone = "UIInterfaceOrientationPortrait UIInterfaceOrientationLandscapeLeft UIInterfaceOrientationLandscapeRight";
				IPHONEOS_DEPLOYMENT_TARGET = 15;
				LD_RUNPATH_SEARCH_PATHS = (
					"$(inherited)",
					"@executable_path/Frameworks",
				);
				MARKETING_VERSION = 1.0;
				PRODUCT_BUNDLE_IDENTIFIER = com.markpodcasts.markpodcasts;
				PRODUCT_NAME = "$(TARGET_NAME)";
				PROVISIONING_PROFILE_SPECIFIER = "";
				SWIFT_EMIT_LOC_STRINGS = YES;
				SWIFT_VERSION = 5.0;
				TARGETED_DEVICE_FAMILY = "1,2";
			};
			name = Debug;
		};
		EEB48BAA2A6AFA4D00FE5D22 /* Release */ = {
			isa = XCBuildConfiguration;
			buildSettings = {
				ASSETCATALOG_COMPILER_APPICON_NAME = AppIcon;
				ASSETCATALOG_COMPILER_GLOBAL_ACCENT_COLOR_NAME = AccentColor;
				CODE_SIGN_IDENTITY = "Apple Development";
				CODE_SIGN_STYLE = Automatic;
				CURRENT_PROJECT_VERSION = 1;
				DEVELOPMENT_TEAM = K6X78M6486;
				GENERATE_INFOPLIST_FILE = YES;
				INFOPLIST_FILE = podcastCropper/Info.plist;
				INFOPLIST_KEY_UIApplicationSupportsIndirectInputEvents = YES;
				INFOPLIST_KEY_UILaunchStoryboardName = LaunchScreen;
				INFOPLIST_KEY_UIMainStoryboardFile = Main;
				INFOPLIST_KEY_UISupportedInterfaceOrientations_iPad = "UIInterfaceOrientationPortrait UIInterfaceOrientationPortraitUpsideDown UIInterfaceOrientationLandscapeLeft UIInterfaceOrientationLandscapeRight";
				INFOPLIST_KEY_UISupportedInterfaceOrientations_iPhone = "UIInterfaceOrientationPortrait UIInterfaceOrientationLandscapeLeft UIInterfaceOrientationLandscapeRight";
				IPHONEOS_DEPLOYMENT_TARGET = 15;
				LD_RUNPATH_SEARCH_PATHS = (
					"$(inherited)",
					"@executable_path/Frameworks",
				);
				MARKETING_VERSION = 1.0;
				PRODUCT_BUNDLE_IDENTIFIER = com.markpodcasts.markpodcasts;
				PRODUCT_NAME = "$(TARGET_NAME)";
				PROVISIONING_PROFILE_SPECIFIER = "";
				SWIFT_EMIT_LOC_STRINGS = YES;
				SWIFT_VERSION = 5.0;
				TARGETED_DEVICE_FAMILY = "1,2";
			};
			name = Release;
		};
/* End XCBuildConfiguration section */

/* Begin XCConfigurationList section */
		EEB48B8F2A6AFA4B00FE5D22 /* Build configuration list for PBXProject "podcastCropper" */ = {
			isa = XCConfigurationList;
			buildConfigurations = (
				EEB48BA62A6AFA4D00FE5D22 /* Debug */,
				EEB48BA72A6AFA4D00FE5D22 /* Release */,
			);
			defaultConfigurationIsVisible = 0;
			defaultConfigurationName = Release;
		};
		EEB48BA82A6AFA4D00FE5D22 /* Build configuration list for PBXNativeTarget "podcastCropper" */ = {
			isa = XCConfigurationList;
			buildConfigurations = (
				EEB48BA92A6AFA4D00FE5D22 /* Debug */,
				EEB48BAA2A6AFA4D00FE5D22 /* Release */,
			);
			defaultConfigurationIsVisible = 0;
			defaultConfigurationName = Release;
		};
/* End XCConfigurationList section */
	};
	rootObject = EEB48B8C2A6AFA4B00FE5D22 /* Project object */;
}
